
Microsoft Visual Studio Solution File, Format Version 12.00
# Visual Studio Version 16
VisualStudioVersion = 16.0.30621.155
MinimumVisualStudioVersion = 10.0.40219.1
Project("{FAE04EC0-301F-11D3-BF4B-00C04F79EFBC}") = "MenuProject", "MenuProject\MenuProject.csproj", "{6917E0A6-B1E5-424D-B0B5-ED39C68FC52D}"
EndProject
Global
	GlobalSection(SolutionConfigurationPlatforms) = preSolution
		Debug|Any CPU = Debug|Any CPU
		Release|Any CPU = Release|Any CPU
	EndGlobalSection
	GlobalSection(ProjectConfigurationPlatforms) = postSolution
		{6917E0A6-B1E5-424D-B0B5-ED39C68FC52D}.Debug|Any CPU.ActiveCfg = Debug|Any CPU
		{6917E0A6-B1E5-424D-B0B5-ED39C68FC52D}.Debug|Any CPU.Build.0 = Debug|Any CPU
		{6917E0A6-B1E5-424D-B0B5-ED39C68FC52D}.Release|Any CPU.ActiveCfg = Release|Any CPU
		{6917E0A6-B1E5-424D-B0B5-ED39C68FC52D}.Release|Any CPU.Build.0 = Release|Any CPU
	EndGlobalSection
	GlobalSection(SolutionProperties) = preSolution
		HideSolutionNode = FALSE
	EndGlobalSection
	GlobalSection(ExtensibilityGlobals) = postSolution
		SolutionGuid = {18C8040E-C7E3-4E1F-A29C-EC5A5AD4FFE3}
	EndGlobalSection
EndGlobal
